
Microsoft Visual Studio Solution File, Format Version 12.00
# Visual Studio 15
VisualStudioVersion = 15.0.28010.2041
MinimumVisualStudioVersion = 10.0.40219.1
Project("{9A19103F-16F7-4668-BE54-9A1E7A4F7556}") = "SIS.HTTP", "SIS.HTTP\SIS.HTTP.csproj", "{88FCB499-B967-43EF-A948-DCC3F10ACDCE}"
EndProject
Project("{9A19103F-16F7-4668-BE54-9A1E7A4F7556}") = "SIS.WebServer", "SIS.WebServer\SIS.WebServer.csproj", "{806B977A-FAEE-4F20-9F71-CC4ADFBE182D}"
EndProject
Project("{2150E333-8FDC-42A3-9474-1A3956D46DE8}") = "App", "App", "{1E6EA3FE-9F7D-46BA-95D8-8576A484BFF5}"
EndProject
Project("{9A19103F-16F7-4668-BE54-9A1E7A4F7556}") = "SIS.MVCFramework", "SIS.MVCFramework\SIS.MVCFramework.csproj", "{D84C1912-D740-49FB-AF08-6952561EACFD}"
EndProject
Project("{FAE04EC0-301F-11D3-BF4B-00C04F79EFBC}") = "MvcLauncher", "MvcLauncher\MvcLauncher.csproj", "{96B732DA-0A0E-40A5-AB86-6150601782F0}"
EndProject
Global
	GlobalSection(SolutionConfigurationPlatforms) = preSolution
		Debug|Any CPU = Debug|Any CPU
		Release|Any CPU = Release|Any CPU
	EndGlobalSection
	GlobalSection(ProjectConfigurationPlatforms) = postSolution
		{88FCB499-B967-43EF-A948-DCC3F10ACDCE}.Debug|Any CPU.ActiveCfg = Debug|Any CPU
		{88FCB499-B967-43EF-A948-DCC3F10ACDCE}.Debug|Any CPU.Build.0 = Debug|Any CPU
		{88FCB499-B967-43EF-A948-DCC3F10ACDCE}.Release|Any CPU.ActiveCfg = Release|Any CPU
		{88FCB499-B967-43EF-A948-DCC3F10ACDCE}.Release|Any CPU.Build.0 = Release|Any CPU
		{806B977A-FAEE-4F20-9F71-CC4ADFBE182D}.Debug|Any CPU.ActiveCfg = Debug|Any CPU
		{806B977A-FAEE-4F20-9F71-CC4ADFBE182D}.Debug|Any CPU.Build.0 = Debug|Any CPU
		{806B977A-FAEE-4F20-9F71-CC4ADFBE182D}.Release|Any CPU.ActiveCfg = Release|Any CPU
		{806B977A-FAEE-4F20-9F71-CC4ADFBE182D}.Release|Any CPU.Build.0 = Release|Any CPU
		{D84C1912-D740-49FB-AF08-6952561EACFD}.Debug|Any CPU.ActiveCfg = Debug|Any CPU
		{D84C1912-D740-49FB-AF08-6952561EACFD}.Debug|Any CPU.Build.0 = Debug|Any CPU
		{D84C1912-D740-49FB-AF08-6952561EACFD}.Release|Any CPU.ActiveCfg = Release|Any CPU
		{D84C1912-D740-49FB-AF08-6952561EACFD}.Release|Any CPU.Build.0 = Release|Any CPU
		{96B732DA-0A0E-40A5-AB86-6150601782F0}.Debug|Any CPU.ActiveCfg = Debug|Any CPU
		{96B732DA-0A0E-40A5-AB86-6150601782F0}.Debug|Any CPU.Build.0 = Debug|Any CPU
		{96B732DA-0A0E-40A5-AB86-6150601782F0}.Release|Any CPU.ActiveCfg = Release|Any CPU
		{96B732DA-0A0E-40A5-AB86-6150601782F0}.Release|Any CPU.Build.0 = Release|Any CPU
	EndGlobalSection
	GlobalSection(SolutionProperties) = preSolution
		HideSolutionNode = FALSE
	EndGlobalSection
	GlobalSection(NestedProjects) = preSolution
		{96B732DA-0A0E-40A5-AB86-6150601782F0} = {1E6EA3FE-9F7D-46BA-95D8-8576A484BFF5}
	EndGlobalSection
	GlobalSection(ExtensibilityGlobals) = postSolution
		SolutionGuid = {437BA041-7594-401D-9DFE-982D6F48E23F}
	EndGlobalSection
EndGlobal
