
Microsoft Visual Studio Solution File, Format Version 12.00
# Visual Studio 15
VisualStudioVersion = 15.0.28010.2036
MinimumVisualStudioVersion = 10.0.40219.1
Project("{FAE04EC0-301F-11D3-BF4B-00C04F79EFBC}") = "01-URLDecoder", "01-URLDecoder\01-URLDecoder.csproj", "{981AFB52-08F0-467D-BA85-95D83AB6ACCC}"
EndProject
Project("{FAE04EC0-301F-11D3-BF4B-00C04F79EFBC}") = "02-ValidateURL", "02-ValidateURL\02-ValidateURL.csproj", "{13682163-D952-4D11-9F11-4F2995F95B31}"
EndProject
Project("{FAE04EC0-301F-11D3-BF4B-00C04F79EFBC}") = "03-RequestParser", "03-RequestParser\03-RequestParser.csproj", "{63641318-CC2E-478A-ADB3-E58B4C782A64}"
EndProject
Global
	GlobalSection(SolutionConfigurationPlatforms) = preSolution
		Debug|Any CPU = Debug|Any CPU
		Release|Any CPU = Release|Any CPU
	EndGlobalSection
	GlobalSection(ProjectConfigurationPlatforms) = postSolution
		{981AFB52-08F0-467D-BA85-95D83AB6ACCC}.Debug|Any CPU.ActiveCfg = Debug|Any CPU
		{981AFB52-08F0-467D-BA85-95D83AB6ACCC}.Debug|Any CPU.Build.0 = Debug|Any CPU
		{981AFB52-08F0-467D-BA85-95D83AB6ACCC}.Release|Any CPU.ActiveCfg = Release|Any CPU
		{981AFB52-08F0-467D-BA85-95D83AB6ACCC}.Release|Any CPU.Build.0 = Release|Any CPU
		{13682163-D952-4D11-9F11-4F2995F95B31}.Debug|Any CPU.ActiveCfg = Debug|Any CPU
		{13682163-D952-4D11-9F11-4F2995F95B31}.Debug|Any CPU.Build.0 = Debug|Any CPU
		{13682163-D952-4D11-9F11-4F2995F95B31}.Release|Any CPU.ActiveCfg = Release|Any CPU
		{13682163-D952-4D11-9F11-4F2995F95B31}.Release|Any CPU.Build.0 = Release|Any CPU
		{63641318-CC2E-478A-ADB3-E58B4C782A64}.Debug|Any CPU.ActiveCfg = Debug|Any CPU
		{63641318-CC2E-478A-ADB3-E58B4C782A64}.Debug|Any CPU.Build.0 = Debug|Any CPU
		{63641318-CC2E-478A-ADB3-E58B4C782A64}.Release|Any CPU.ActiveCfg = Release|Any CPU
		{63641318-CC2E-478A-ADB3-E58B4C782A64}.Release|Any CPU.Build.0 = Release|Any CPU
	EndGlobalSection
	GlobalSection(SolutionProperties) = preSolution
		HideSolutionNode = FALSE
	EndGlobalSection
	GlobalSection(ExtensibilityGlobals) = postSolution
		SolutionGuid = {001E271F-F949-4996-9916-16B24134118A}
	EndGlobalSection
EndGlobal
