
Microsoft Visual Studio Solution File, Format Version 12.00
# Visual Studio 15
VisualStudioVersion = 15.0.28010.2026
MinimumVisualStudioVersion = 10.0.40219.1
Project("{2150E333-8FDC-42A3-9474-1A3956D46DE8}") = "Solution Items", "Solution Items", "{019F94DB-AD4A-4088-B817-960A64C5E969}"
	ProjectSection(SolutionItems) = preProject
		all-beers.html = all-beers.html
		index.html = index.html
		login.html = login.html
		order.html = order.html
		register.html = register.html
		template.html = template.html
	EndProjectSection
EndProject
Project("{2150E333-8FDC-42A3-9474-1A3956D46DE8}") = "style", "style", "{8C4F5DC3-10BC-4BB9-BDAC-1D333C933E4E}"
	ProjectSection(SolutionItems) = preProject
		style\form.css = style\form.css
		style.css = style.css
	EndProjectSection
EndProject
Project("{2150E333-8FDC-42A3-9474-1A3956D46DE8}") = "images", "images", "{C7A7FC44-15AD-42E0-ABA3-E579A2A23636}"
	ProjectSection(SolutionItems) = preProject
		images\beer_1.png = images\beer_1.png
		images\beer_2.png = images\beer_2.png
		images\beer_3.png = images\beer_3.png
		images\beer_4.png = images\beer_4.png
		images\logo.png = images\logo.png
	EndProjectSection
EndProject
Global
	GlobalSection(SolutionProperties) = preSolution
		HideSolutionNode = FALSE
	EndGlobalSection
	GlobalSection(NestedProjects) = preSolution
		{8C4F5DC3-10BC-4BB9-BDAC-1D333C933E4E} = {019F94DB-AD4A-4088-B817-960A64C5E969}
		{C7A7FC44-15AD-42E0-ABA3-E579A2A23636} = {019F94DB-AD4A-4088-B817-960A64C5E969}
	EndGlobalSection
	GlobalSection(ExtensibilityGlobals) = postSolution
		SolutionGuid = {D3149F56-0A05-4297-80CD-AA26E35858FD}
	EndGlobalSection
EndGlobal
