
Microsoft Visual Studio Solution File, Format Version 12.00
# Visual Studio 15
VisualStudioVersion = 15.0.28010.2050
MinimumVisualStudioVersion = 10.0.40219.1
Project("{9A19103F-16F7-4668-BE54-9A1E7A4F7556}") = "Chushka.Web", "Chushka.Web\Chushka.Web.csproj", "{90C0925D-BEA3-4DE6-A7A6-2519E1FA3FEE}"
EndProject
Project("{9A19103F-16F7-4668-BE54-9A1E7A4F7556}") = "Chushka.Data", "Chushka.Data\Chushka.Data.csproj", "{DE6D45DB-BB19-4509-81C2-58AD6909A748}"
EndProject
Project("{9A19103F-16F7-4668-BE54-9A1E7A4F7556}") = "Chushka.Models", "Chushka.Models\Chushka.Models.csproj", "{D84A1460-1DFE-4B3B-AC5F-027C86AC3FF6}"
EndProject
Global
	GlobalSection(SolutionConfigurationPlatforms) = preSolution
		Debug|Any CPU = Debug|Any CPU
		Release|Any CPU = Release|Any CPU
	EndGlobalSection
	GlobalSection(ProjectConfigurationPlatforms) = postSolution
		{90C0925D-BEA3-4DE6-A7A6-2519E1FA3FEE}.Debug|Any CPU.ActiveCfg = Debug|Any CPU
		{90C0925D-BEA3-4DE6-A7A6-2519E1FA3FEE}.Debug|Any CPU.Build.0 = Debug|Any CPU
		{90C0925D-BEA3-4DE6-A7A6-2519E1FA3FEE}.Release|Any CPU.ActiveCfg = Release|Any CPU
		{90C0925D-BEA3-4DE6-A7A6-2519E1FA3FEE}.Release|Any CPU.Build.0 = Release|Any CPU
		{DE6D45DB-BB19-4509-81C2-58AD6909A748}.Debug|Any CPU.ActiveCfg = Debug|Any CPU
		{DE6D45DB-BB19-4509-81C2-58AD6909A748}.Debug|Any CPU.Build.0 = Debug|Any CPU
		{DE6D45DB-BB19-4509-81C2-58AD6909A748}.Release|Any CPU.ActiveCfg = Release|Any CPU
		{DE6D45DB-BB19-4509-81C2-58AD6909A748}.Release|Any CPU.Build.0 = Release|Any CPU
		{D84A1460-1DFE-4B3B-AC5F-027C86AC3FF6}.Debug|Any CPU.ActiveCfg = Debug|Any CPU
		{D84A1460-1DFE-4B3B-AC5F-027C86AC3FF6}.Debug|Any CPU.Build.0 = Debug|Any CPU
		{D84A1460-1DFE-4B3B-AC5F-027C86AC3FF6}.Release|Any CPU.ActiveCfg = Release|Any CPU
		{D84A1460-1DFE-4B3B-AC5F-027C86AC3FF6}.Release|Any CPU.Build.0 = Release|Any CPU
	EndGlobalSection
	GlobalSection(SolutionProperties) = preSolution
		HideSolutionNode = FALSE
	EndGlobalSection
	GlobalSection(ExtensibilityGlobals) = postSolution
		SolutionGuid = {608B17E8-E205-40F8-AC32-605DA02E27E4}
	EndGlobalSection
EndGlobal
